
Microsoft Visual Studio Solution File, Format Version 12.00
# Visual Studio Version 17
VisualStudioVersion = 17.14.36414.22 d17.14
MinimumVisualStudioVersion = 10.0.40219.1
Project("{FAE04EC0-301F-11D3-BF4B-00C04F79EFBC}") = "TecnicalApi", "TecnicalApi\TecnicalApi.csproj", "{11E87205-4604-48BC-B2C3-CE07FA0A30CC}"
EndProject
Global
	GlobalSection(SolutionConfigurationPlatforms) = preSolution
		Debug|Any CPU = Debug|Any CPU
		Release|Any CPU = Release|Any CPU
	EndGlobalSection
	GlobalSection(ProjectConfigurationPlatforms) = postSolution
		{11E87205-4604-48BC-B2C3-CE07FA0A30CC}.Debug|Any CPU.ActiveCfg = Debug|Any CPU
		{11E87205-4604-48BC-B2C3-CE07FA0A30CC}.Debug|Any CPU.Build.0 = Debug|Any CPU
		{11E87205-4604-48BC-B2C3-CE07FA0A30CC}.Release|Any CPU.ActiveCfg = Release|Any CPU
		{11E87205-4604-48BC-B2C3-CE07FA0A30CC}.Release|Any CPU.Build.0 = Release|Any CPU
	EndGlobalSection
	GlobalSection(SolutionProperties) = preSolution
		HideSolutionNode = FALSE
	EndGlobalSection
	GlobalSection(ExtensibilityGlobals) = postSolution
		SolutionGuid = {F10309A0-8901-4413-8159-3E1EC7820425}
	EndGlobalSection
EndGlobal
