
Microsoft Visual Studio Solution File, Format Version 12.00
# Visual Studio Version 17
VisualStudioVersion = 17.14.36401.2 d17.14
MinimumVisualStudioVersion = 10.0.40219.1
Project("{FAE04EC0-301F-11D3-BF4B-00C04F79EFBC}") = "PruebaTecnicaAPI", "PruebaTecnicaAPI\PruebaTecnicaAPI.csproj", "{14AB9687-F229-4954-8866-344D38B09EBF}"
EndProject
Global
	GlobalSection(SolutionConfigurationPlatforms) = preSolution
		Debug|Any CPU = Debug|Any CPU
		Release|Any CPU = Release|Any CPU
	EndGlobalSection
	GlobalSection(ProjectConfigurationPlatforms) = postSolution
		{14AB9687-F229-4954-8866-344D38B09EBF}.Debug|Any CPU.ActiveCfg = Debug|Any CPU
		{14AB9687-F229-4954-8866-344D38B09EBF}.Debug|Any CPU.Build.0 = Debug|Any CPU
		{14AB9687-F229-4954-8866-344D38B09EBF}.Release|Any CPU.ActiveCfg = Release|Any CPU
		{14AB9687-F229-4954-8866-344D38B09EBF}.Release|Any CPU.Build.0 = Release|Any CPU
	EndGlobalSection
	GlobalSection(SolutionProperties) = preSolution
		HideSolutionNode = FALSE
	EndGlobalSection
	GlobalSection(ExtensibilityGlobals) = postSolution
		SolutionGuid = {BEE1D4AE-B858-46EE-BB17-A856D2C4B53A}
	EndGlobalSection
EndGlobal
